
Microsoft Visual Studio Solution File, Format Version 12.00
# Visual Studio 14
VisualStudioVersion = 14.0.24720.0
MinimumVisualStudioVersion = 10.0.40219.1
Project("{FAE04EC0-301F-11D3-BF4B-00C04F79EFBC}") = "TheTree", "TheTree\TheTree.csproj", "{16A32F64-D9F9-47AA-86DA-66711925B1AB}"
EndProject
Global
	GlobalSection(SolutionConfigurationPlatforms) = preSolution
		Debug|Any CPU = Debug|Any CPU
		Release|Any CPU = Release|Any CPU
	EndGlobalSection
	GlobalSection(ProjectConfigurationPlatforms) = postSolution
		{16A32F64-D9F9-47AA-86DA-66711925B1AB}.Debug|Any CPU.ActiveCfg = Debug|Any CPU
		{16A32F64-D9F9-47AA-86DA-66711925B1AB}.Debug|Any CPU.Build.0 = Debug|Any CPU
		{16A32F64-D9F9-47AA-86DA-66711925B1AB}.Release|Any CPU.ActiveCfg = Release|Any CPU
		{16A32F64-D9F9-47AA-86DA-66711925B1AB}.Release|Any CPU.Build.0 = Release|Any CPU
	EndGlobalSection
	GlobalSection(SolutionProperties) = preSolution
		HideSolutionNode = FALSE
	EndGlobalSection
EndGlobal
